
Microsoft Visual Studio Solution File, Format Version 12.00
Project("{FAE04EC0-301F-11D3-BF4B-00C04F79EFBC}") = "Water", "Water\Water.csproj", "{D5A77778-AB4E-405F-AA74-48EA0E488FA1}"
EndProject
Project("{FAE04EC0-301F-11D3-BF4B-00C04F79EFBC}") = "UnitTest", "UnitTest\UnitTest.csproj", "{043FF58B-1747-46F6-82C9-39DC3F57D5F5}"
EndProject
Project("{FAE04EC0-301F-11D3-BF4B-00C04F79EFBC}") = "Dice", "Dice\Dice.csproj", "{0D9A8ACA-EB59-4CA6-87EA-D5E5D0623407}"
EndProject
Global
	GlobalSection(SolutionConfigurationPlatforms) = preSolution
		Debug|Any CPU = Debug|Any CPU
		Release|Any CPU = Release|Any CPU
	EndGlobalSection
	GlobalSection(ProjectConfigurationPlatforms) = postSolution
		{D5A77778-AB4E-405F-AA74-48EA0E488FA1}.Debug|Any CPU.ActiveCfg = Debug|Any CPU
		{D5A77778-AB4E-405F-AA74-48EA0E488FA1}.Debug|Any CPU.Build.0 = Debug|Any CPU
		{D5A77778-AB4E-405F-AA74-48EA0E488FA1}.Release|Any CPU.ActiveCfg = Release|Any CPU
		{D5A77778-AB4E-405F-AA74-48EA0E488FA1}.Release|Any CPU.Build.0 = Release|Any CPU
		{043FF58B-1747-46F6-82C9-39DC3F57D5F5}.Debug|Any CPU.ActiveCfg = Debug|Any CPU
		{043FF58B-1747-46F6-82C9-39DC3F57D5F5}.Debug|Any CPU.Build.0 = Debug|Any CPU
		{043FF58B-1747-46F6-82C9-39DC3F57D5F5}.Release|Any CPU.ActiveCfg = Release|Any CPU
		{043FF58B-1747-46F6-82C9-39DC3F57D5F5}.Release|Any CPU.Build.0 = Release|Any CPU
		{0D9A8ACA-EB59-4CA6-87EA-D5E5D0623407}.Debug|Any CPU.ActiveCfg = Debug|Any CPU
		{0D9A8ACA-EB59-4CA6-87EA-D5E5D0623407}.Debug|Any CPU.Build.0 = Debug|Any CPU
		{0D9A8ACA-EB59-4CA6-87EA-D5E5D0623407}.Release|Any CPU.ActiveCfg = Release|Any CPU
		{0D9A8ACA-EB59-4CA6-87EA-D5E5D0623407}.Release|Any CPU.Build.0 = Release|Any CPU
	EndGlobalSection
EndGlobal
