
Microsoft Visual Studio Solution File, Format Version 12.00
Project("{FAE04EC0-301F-11D3-BF4B-00C04F79EFBC}") = "Concatenation", "Concatenation\Concatenation.csproj", "{1DCE4274-D24B-40C6-BB2C-D23D1466E73F}"
EndProject
Project("{FAE04EC0-301F-11D3-BF4B-00C04F79EFBC}") = "UnitTests", "UnitTests\UnitTests.csproj", "{319B5D76-0A15-4FFE-A55A-3CEFCF4058E7}"
EndProject
Project("{FAE04EC0-301F-11D3-BF4B-00C04F79EFBC}") = "FindingElements", "FindingElements\FindingElements.csproj", "{1425C637-351C-4CAE-81CC-C5AD9B786E4B}"
EndProject
Project("{FAE04EC0-301F-11D3-BF4B-00C04F79EFBC}") = "Grouping", "Grouping\Grouping.csproj", "{F8A86AF4-8C85-4E86-B04F-28B49DBF0A56}"
EndProject
Project("{FAE04EC0-301F-11D3-BF4B-00C04F79EFBC}") = "RenderForBlind", "RenderForBlind\RenderForBlind.csproj", "{86B4600F-16DE-4599-8CEC-5DF74AF588D5}"
EndProject
Project("{FAE04EC0-301F-11D3-BF4B-00C04F79EFBC}") = "WordBlocks", "WordBlocks\WordBlocks.csproj", "{53C7AF43-EC66-45C8-803B-5D04992B45DD}"
EndProject
Global
	GlobalSection(SolutionConfigurationPlatforms) = preSolution
		Debug|Any CPU = Debug|Any CPU
		Release|Any CPU = Release|Any CPU
	EndGlobalSection
	GlobalSection(ProjectConfigurationPlatforms) = postSolution
		{1DCE4274-D24B-40C6-BB2C-D23D1466E73F}.Debug|Any CPU.ActiveCfg = Debug|Any CPU
		{1DCE4274-D24B-40C6-BB2C-D23D1466E73F}.Debug|Any CPU.Build.0 = Debug|Any CPU
		{1DCE4274-D24B-40C6-BB2C-D23D1466E73F}.Release|Any CPU.ActiveCfg = Release|Any CPU
		{1DCE4274-D24B-40C6-BB2C-D23D1466E73F}.Release|Any CPU.Build.0 = Release|Any CPU
		{319B5D76-0A15-4FFE-A55A-3CEFCF4058E7}.Debug|Any CPU.ActiveCfg = Debug|Any CPU
		{319B5D76-0A15-4FFE-A55A-3CEFCF4058E7}.Debug|Any CPU.Build.0 = Debug|Any CPU
		{319B5D76-0A15-4FFE-A55A-3CEFCF4058E7}.Release|Any CPU.ActiveCfg = Release|Any CPU
		{319B5D76-0A15-4FFE-A55A-3CEFCF4058E7}.Release|Any CPU.Build.0 = Release|Any CPU
		{1425C637-351C-4CAE-81CC-C5AD9B786E4B}.Debug|Any CPU.ActiveCfg = Debug|Any CPU
		{1425C637-351C-4CAE-81CC-C5AD9B786E4B}.Debug|Any CPU.Build.0 = Debug|Any CPU
		{1425C637-351C-4CAE-81CC-C5AD9B786E4B}.Release|Any CPU.ActiveCfg = Release|Any CPU
		{1425C637-351C-4CAE-81CC-C5AD9B786E4B}.Release|Any CPU.Build.0 = Release|Any CPU
		{F8A86AF4-8C85-4E86-B04F-28B49DBF0A56}.Debug|Any CPU.ActiveCfg = Debug|Any CPU
		{F8A86AF4-8C85-4E86-B04F-28B49DBF0A56}.Debug|Any CPU.Build.0 = Debug|Any CPU
		{F8A86AF4-8C85-4E86-B04F-28B49DBF0A56}.Release|Any CPU.ActiveCfg = Release|Any CPU
		{F8A86AF4-8C85-4E86-B04F-28B49DBF0A56}.Release|Any CPU.Build.0 = Release|Any CPU
		{86B4600F-16DE-4599-8CEC-5DF74AF588D5}.Debug|Any CPU.ActiveCfg = Debug|Any CPU
		{86B4600F-16DE-4599-8CEC-5DF74AF588D5}.Debug|Any CPU.Build.0 = Debug|Any CPU
		{86B4600F-16DE-4599-8CEC-5DF74AF588D5}.Release|Any CPU.ActiveCfg = Release|Any CPU
		{86B4600F-16DE-4599-8CEC-5DF74AF588D5}.Release|Any CPU.Build.0 = Release|Any CPU
		{53C7AF43-EC66-45C8-803B-5D04992B45DD}.Debug|Any CPU.ActiveCfg = Debug|Any CPU
		{53C7AF43-EC66-45C8-803B-5D04992B45DD}.Debug|Any CPU.Build.0 = Debug|Any CPU
		{53C7AF43-EC66-45C8-803B-5D04992B45DD}.Release|Any CPU.ActiveCfg = Release|Any CPU
		{53C7AF43-EC66-45C8-803B-5D04992B45DD}.Release|Any CPU.Build.0 = Release|Any CPU
	EndGlobalSection
EndGlobal
