
Microsoft Visual Studio Solution File, Format Version 12.00
Project("{FAE04EC0-301F-11D3-BF4B-00C04F79EFBC}") = "EventBus", "EventBus\EventBus.csproj", "{1DB5C84E-7E67-4885-9EB8-A1BA3E27B80C}"
EndProject
Project("{FAE04EC0-301F-11D3-BF4B-00C04F79EFBC}") = "UnitTests", "UnitTests\UnitTests.csproj", "{797DAA7E-31C0-4CC5-BD9E-F9B37747C5D3}"
EndProject
Global
	GlobalSection(SolutionConfigurationPlatforms) = preSolution
		Debug|Any CPU = Debug|Any CPU
		Release|Any CPU = Release|Any CPU
	EndGlobalSection
	GlobalSection(ProjectConfigurationPlatforms) = postSolution
		{1DB5C84E-7E67-4885-9EB8-A1BA3E27B80C}.Debug|Any CPU.ActiveCfg = Debug|Any CPU
		{1DB5C84E-7E67-4885-9EB8-A1BA3E27B80C}.Debug|Any CPU.Build.0 = Debug|Any CPU
		{1DB5C84E-7E67-4885-9EB8-A1BA3E27B80C}.Release|Any CPU.ActiveCfg = Release|Any CPU
		{1DB5C84E-7E67-4885-9EB8-A1BA3E27B80C}.Release|Any CPU.Build.0 = Release|Any CPU
		{797DAA7E-31C0-4CC5-BD9E-F9B37747C5D3}.Debug|Any CPU.ActiveCfg = Debug|Any CPU
		{797DAA7E-31C0-4CC5-BD9E-F9B37747C5D3}.Debug|Any CPU.Build.0 = Debug|Any CPU
		{797DAA7E-31C0-4CC5-BD9E-F9B37747C5D3}.Release|Any CPU.ActiveCfg = Release|Any CPU
		{797DAA7E-31C0-4CC5-BD9E-F9B37747C5D3}.Release|Any CPU.Build.0 = Release|Any CPU
	EndGlobalSection
EndGlobal
